
Microsoft Visual Studio Solution File, Format Version 12.00
# Visual Studio Version 17
VisualStudioVersion = 17.6.33829.357
MinimumVisualStudioVersion = 10.0.40219.1
Project("{FAE04EC0-301F-11D3-BF4B-00C04F79EFBC}") = "Unity_Ex", "Unity_Ex\Unity_Ex.csproj", "{17FFFBCC-41D6-44FA-A69A-F0811B90B9AA}"
EndProject
Global
	GlobalSection(SolutionConfigurationPlatforms) = preSolution
		Debug|Any CPU = Debug|Any CPU
		Release|Any CPU = Release|Any CPU
	EndGlobalSection
	GlobalSection(ProjectConfigurationPlatforms) = postSolution
		{17FFFBCC-41D6-44FA-A69A-F0811B90B9AA}.Debug|Any CPU.ActiveCfg = Debug|Any CPU
		{17FFFBCC-41D6-44FA-A69A-F0811B90B9AA}.Debug|Any CPU.Build.0 = Debug|Any CPU
		{17FFFBCC-41D6-44FA-A69A-F0811B90B9AA}.Release|Any CPU.ActiveCfg = Release|Any CPU
		{17FFFBCC-41D6-44FA-A69A-F0811B90B9AA}.Release|Any CPU.Build.0 = Release|Any CPU
	EndGlobalSection
	GlobalSection(SolutionProperties) = preSolution
		HideSolutionNode = FALSE
	EndGlobalSection
	GlobalSection(ExtensibilityGlobals) = postSolution
		SolutionGuid = {649B1C92-9C64-44BD-8BE4-65AC928B96A8}
	EndGlobalSection
EndGlobal
